
Microsoft Visual Studio Solution File, Format Version 12.00
# Visual Studio Version 17
VisualStudioVersion = 17.10.35027.167
MinimumVisualStudioVersion = 10.0.40219.1
Project("{FAE04EC0-301F-11D3-BF4B-00C04F79EFBC}") = "CamelCasingInput", "CamelCasingInput\CamelCasingInput.csproj", "{D32D2F0E-5EB2-48C2-8F01-A734F0E62EBF}"
EndProject
Global
	GlobalSection(SolutionConfigurationPlatforms) = preSolution
		Debug|Any CPU = Debug|Any CPU
		Release|Any CPU = Release|Any CPU
	EndGlobalSection
	GlobalSection(ProjectConfigurationPlatforms) = postSolution
		{D32D2F0E-5EB2-48C2-8F01-A734F0E62EBF}.Debug|Any CPU.ActiveCfg = Debug|Any CPU
		{D32D2F0E-5EB2-48C2-8F01-A734F0E62EBF}.Debug|Any CPU.Build.0 = Debug|Any CPU
		{D32D2F0E-5EB2-48C2-8F01-A734F0E62EBF}.Release|Any CPU.ActiveCfg = Release|Any CPU
		{D32D2F0E-5EB2-48C2-8F01-A734F0E62EBF}.Release|Any CPU.Build.0 = Release|Any CPU
	EndGlobalSection
	GlobalSection(SolutionProperties) = preSolution
		HideSolutionNode = FALSE
	EndGlobalSection
	GlobalSection(ExtensibilityGlobals) = postSolution
		SolutionGuid = {ECB94FB4-84C0-4743-851A-950C609462BD}
	EndGlobalSection
EndGlobal
